
Microsoft Visual Studio Solution File, Format Version 12.00
# Visual Studio Version 17
VisualStudioVersion = 17.6.33829.357
MinimumVisualStudioVersion = 10.0.40219.1
Project("{FAE04EC0-301F-11D3-BF4B-00C04F79EFBC}") = "Manage.Farm.Service.API", "Manage.Farm.Service\Manage.Farm.Service.API.csproj", "{F4859382-1124-4A04-B2F8-C67F81825161}"
EndProject
Project("{FAE04EC0-301F-11D3-BF4B-00C04F79EFBC}") = "Manage.Farm.Service.Domain", "Manage.Farm.Service.Domain\Manage.Farm.Service.Domain.csproj", "{64ACB078-F8A0-456D-A002-2E5F93DF8D27}"
EndProject
Project("{FAE04EC0-301F-11D3-BF4B-00C04F79EFBC}") = "Manage.Farm.Service.Infrastructure", "Manage.Farm.Service.Infrastructure\Manage.Farm.Service.Infrastructure.csproj", "{1A097D2B-064A-4292-971C-F22D967BFD43}"
EndProject
Global
	GlobalSection(SolutionConfigurationPlatforms) = preSolution
		Debug|Any CPU = Debug|Any CPU
		Release|Any CPU = Release|Any CPU
	EndGlobalSection
	GlobalSection(ProjectConfigurationPlatforms) = postSolution
		{F4859382-1124-4A04-B2F8-C67F81825161}.Debug|Any CPU.ActiveCfg = Debug|Any CPU
		{F4859382-1124-4A04-B2F8-C67F81825161}.Debug|Any CPU.Build.0 = Debug|Any CPU
		{F4859382-1124-4A04-B2F8-C67F81825161}.Release|Any CPU.ActiveCfg = Release|Any CPU
		{F4859382-1124-4A04-B2F8-C67F81825161}.Release|Any CPU.Build.0 = Release|Any CPU
		{64ACB078-F8A0-456D-A002-2E5F93DF8D27}.Debug|Any CPU.ActiveCfg = Debug|Any CPU
		{64ACB078-F8A0-456D-A002-2E5F93DF8D27}.Debug|Any CPU.Build.0 = Debug|Any CPU
		{64ACB078-F8A0-456D-A002-2E5F93DF8D27}.Release|Any CPU.ActiveCfg = Release|Any CPU
		{64ACB078-F8A0-456D-A002-2E5F93DF8D27}.Release|Any CPU.Build.0 = Release|Any CPU
		{1A097D2B-064A-4292-971C-F22D967BFD43}.Debug|Any CPU.ActiveCfg = Debug|Any CPU
		{1A097D2B-064A-4292-971C-F22D967BFD43}.Debug|Any CPU.Build.0 = Debug|Any CPU
		{1A097D2B-064A-4292-971C-F22D967BFD43}.Release|Any CPU.ActiveCfg = Release|Any CPU
		{1A097D2B-064A-4292-971C-F22D967BFD43}.Release|Any CPU.Build.0 = Release|Any CPU
	EndGlobalSection
	GlobalSection(SolutionProperties) = preSolution
		HideSolutionNode = FALSE
	EndGlobalSection
	GlobalSection(ExtensibilityGlobals) = postSolution
		SolutionGuid = {346F7187-F14C-44BD-9CE6-98CDA24748A6}
	EndGlobalSection
EndGlobal
